
Microsoft Visual Studio Solution File, Format Version 12.00
# Visual Studio 15
VisualStudioVersion = 15.0.26730.3
MinimumVisualStudioVersion = 10.0.40219.1
Project("{FAE04EC0-301F-11D3-BF4B-00C04F79EFBC}") = "BinderTool", "BinderTool\BinderTool.csproj", "{1566BC27-029D-45AC-B16B-FAA2ACFB26D3}"
EndProject
Project("{FAE04EC0-301F-11D3-BF4B-00C04F79EFBC}") = "BinderTool.Core", "BinderTool.Core\BinderTool.Core.csproj", "{D8F8A776-F5B5-46EF-8578-390B988D0D0B}"
EndProject
Project("{FAE04EC0-301F-11D3-BF4B-00C04F79EFBC}") = "BinderTool.Core.Kraken", "BinderTool.Core.Kraken\BinderTool.Core.Kraken.csproj", "{020AD3F2-4A72-4FED-8FC6-9C5F12C6E25D}"
EndProject
Global
	GlobalSection(SolutionConfigurationPlatforms) = preSolution
		Debug|x64 = Debug|x64
		Release|x64 = Release|x64
	EndGlobalSection
	GlobalSection(ProjectConfigurationPlatforms) = postSolution
		{1566BC27-029D-45AC-B16B-FAA2ACFB26D3}.Debug|x64.ActiveCfg = Debug|x64
		{1566BC27-029D-45AC-B16B-FAA2ACFB26D3}.Debug|x64.Build.0 = Debug|x64
		{1566BC27-029D-45AC-B16B-FAA2ACFB26D3}.Release|x64.ActiveCfg = Release|x64
		{1566BC27-029D-45AC-B16B-FAA2ACFB26D3}.Release|x64.Build.0 = Release|x64
		{D8F8A776-F5B5-46EF-8578-390B988D0D0B}.Debug|x64.ActiveCfg = Debug|x64
		{D8F8A776-F5B5-46EF-8578-390B988D0D0B}.Debug|x64.Build.0 = Debug|x64
		{D8F8A776-F5B5-46EF-8578-390B988D0D0B}.Release|x64.ActiveCfg = Release|x64
		{D8F8A776-F5B5-46EF-8578-390B988D0D0B}.Release|x64.Build.0 = Release|x64
		{020AD3F2-4A72-4FED-8FC6-9C5F12C6E25D}.Debug|x64.ActiveCfg = Debug|x64
		{020AD3F2-4A72-4FED-8FC6-9C5F12C6E25D}.Debug|x64.Build.0 = Debug|x64
		{020AD3F2-4A72-4FED-8FC6-9C5F12C6E25D}.Release|x64.ActiveCfg = Release|x64
		{020AD3F2-4A72-4FED-8FC6-9C5F12C6E25D}.Release|x64.Build.0 = Release|x64
	EndGlobalSection
	GlobalSection(SolutionProperties) = preSolution
		HideSolutionNode = FALSE
	EndGlobalSection
	GlobalSection(ExtensibilityGlobals) = postSolution
		SolutionGuid = {27C26559-06D8-49DA-B120-C0FAF836B633}
	EndGlobalSection
EndGlobal
